
Microsoft Visual Studio Solution File, Format Version 12.00
# Visual Studio Version 17
VisualStudioVersion = 17.1.32328.378
MinimumVisualStudioVersion = 10.0.40219.1
Project("{2150E333-8FDC-42A3-9474-1A3956D46DE8}") = "src", "src", "{ACD3ED2E-376E-4E92-AEA2-D1C076D5D79B}"
EndProject
Project("{2150E333-8FDC-42A3-9474-1A3956D46DE8}") = "Api", "Api", "{B338B96B-C03A-42C2-B587-F5BA06D05AAB}"
EndProject
Project("{2150E333-8FDC-42A3-9474-1A3956D46DE8}") = "Common", "Common", "{5470FDCB-F061-4992-876F-7BF45C218832}"
EndProject
Project("{2150E333-8FDC-42A3-9474-1A3956D46DE8}") = "Core", "Core", "{7E1DC882-4BA2-492A-B5D6-BE010B1F2344}"
EndProject
Project("{2150E333-8FDC-42A3-9474-1A3956D46DE8}") = "WebApi", "WebApi", "{DB1E6A20-8484-4EFF-911D-64C295975522}"
EndProject
Project("{2150E333-8FDC-42A3-9474-1A3956D46DE8}") = "test", "test", "{C3AD2576-9347-4F81-BD18-C242D7B03CA2}"
EndProject
Project("{9A19103F-16F7-4668-BE54-9A1E7A4F7556}") = "Base.Common", "src\Common\Base.Common\Base.Common.csproj", "{0E2BB269-EAD5-4A93-A9DD-381D70DDDB33}"
EndProject
Project("{9A19103F-16F7-4668-BE54-9A1E7A4F7556}") = "Base.UnitTest", "test\Base.UnitTest\Base.UnitTest.csproj", "{BC30284C-FDA6-4E48-81E7-126523B6A7A6}"
EndProject
Project("{9A19103F-16F7-4668-BE54-9A1E7A4F7556}") = "Base.Api.WebApi", "src\Api\WebApi\Base.Api.WebApi\Base.Api.WebApi.csproj", "{4D220B74-C0B3-4FE2-B4A1-18A2D57863C6}"
EndProject
Project("{9A19103F-16F7-4668-BE54-9A1E7A4F7556}") = "Base.Api.Application", "src\Api\Core\Base.Api.Application\Base.Api.Application.csproj", "{5285C4C3-7D55-4A75-83CD-1DBDC386D0DB}"
EndProject
Global
	GlobalSection(SolutionConfigurationPlatforms) = preSolution
		Debug|Any CPU = Debug|Any CPU
		Release|Any CPU = Release|Any CPU
	EndGlobalSection
	GlobalSection(ProjectConfigurationPlatforms) = postSolution
		{0E2BB269-EAD5-4A93-A9DD-381D70DDDB33}.Debug|Any CPU.ActiveCfg = Debug|Any CPU
		{0E2BB269-EAD5-4A93-A9DD-381D70DDDB33}.Debug|Any CPU.Build.0 = Debug|Any CPU
		{0E2BB269-EAD5-4A93-A9DD-381D70DDDB33}.Release|Any CPU.ActiveCfg = Release|Any CPU
		{0E2BB269-EAD5-4A93-A9DD-381D70DDDB33}.Release|Any CPU.Build.0 = Release|Any CPU
		{BC30284C-FDA6-4E48-81E7-126523B6A7A6}.Debug|Any CPU.ActiveCfg = Debug|Any CPU
		{BC30284C-FDA6-4E48-81E7-126523B6A7A6}.Debug|Any CPU.Build.0 = Debug|Any CPU
		{BC30284C-FDA6-4E48-81E7-126523B6A7A6}.Release|Any CPU.ActiveCfg = Release|Any CPU
		{BC30284C-FDA6-4E48-81E7-126523B6A7A6}.Release|Any CPU.Build.0 = Release|Any CPU
		{4D220B74-C0B3-4FE2-B4A1-18A2D57863C6}.Debug|Any CPU.ActiveCfg = Debug|Any CPU
		{4D220B74-C0B3-4FE2-B4A1-18A2D57863C6}.Debug|Any CPU.Build.0 = Debug|Any CPU
		{4D220B74-C0B3-4FE2-B4A1-18A2D57863C6}.Release|Any CPU.ActiveCfg = Release|Any CPU
		{4D220B74-C0B3-4FE2-B4A1-18A2D57863C6}.Release|Any CPU.Build.0 = Release|Any CPU
		{5285C4C3-7D55-4A75-83CD-1DBDC386D0DB}.Debug|Any CPU.ActiveCfg = Debug|Any CPU
		{5285C4C3-7D55-4A75-83CD-1DBDC386D0DB}.Debug|Any CPU.Build.0 = Debug|Any CPU
		{5285C4C3-7D55-4A75-83CD-1DBDC386D0DB}.Release|Any CPU.ActiveCfg = Release|Any CPU
		{5285C4C3-7D55-4A75-83CD-1DBDC386D0DB}.Release|Any CPU.Build.0 = Release|Any CPU
	EndGlobalSection
	GlobalSection(SolutionProperties) = preSolution
		HideSolutionNode = FALSE
	EndGlobalSection
	GlobalSection(NestedProjects) = preSolution
		{B338B96B-C03A-42C2-B587-F5BA06D05AAB} = {ACD3ED2E-376E-4E92-AEA2-D1C076D5D79B}
		{5470FDCB-F061-4992-876F-7BF45C218832} = {ACD3ED2E-376E-4E92-AEA2-D1C076D5D79B}
		{7E1DC882-4BA2-492A-B5D6-BE010B1F2344} = {B338B96B-C03A-42C2-B587-F5BA06D05AAB}
		{DB1E6A20-8484-4EFF-911D-64C295975522} = {B338B96B-C03A-42C2-B587-F5BA06D05AAB}
		{0E2BB269-EAD5-4A93-A9DD-381D70DDDB33} = {5470FDCB-F061-4992-876F-7BF45C218832}
		{BC30284C-FDA6-4E48-81E7-126523B6A7A6} = {C3AD2576-9347-4F81-BD18-C242D7B03CA2}
		{4D220B74-C0B3-4FE2-B4A1-18A2D57863C6} = {DB1E6A20-8484-4EFF-911D-64C295975522}
		{5285C4C3-7D55-4A75-83CD-1DBDC386D0DB} = {7E1DC882-4BA2-492A-B5D6-BE010B1F2344}
	EndGlobalSection
	GlobalSection(ExtensibilityGlobals) = postSolution
		SolutionGuid = {DC90AFD5-ED39-4502-9833-BDC811D8991E}
	EndGlobalSection
EndGlobal
